// !$*UTF8*$!
{
	archiveVersion = 1;
	classes = {
	};
	objectVersion = 77;
	objects = {

/* Begin PBXBuildFile section */
		02C36CF564D6D60CD07E560A /* AgentNotifyEventDetectorProtocol.swift in Sources */ = {isa = PBXBuildFile; fileRef = 3E13364F71D89961DEF607D2 /* AgentNotifyEventDetectorProtocol.swift */; };
		03B3BFA1C7272BED1CD1F154 /* UsageData.swift in Sources */ = {isa = PBXBuildFile; fileRef = 5AF9840FACAD2645C86D775B /* UsageData.swift */; };
		0BBA9131427CDF57CC2208C7 /* UsageHistoryStore.swift in Sources */ = {isa = PBXBuildFile; fileRef = E025A024FFD74FA72A657106 /* UsageHistoryStore.swift */; };
		0D58C98A7418BD86C832E0FF /* UsageViewModel.swift in Sources */ = {isa = PBXBuildFile; fileRef = 1C8199F37BC8BA7C8EEC2B83 /* UsageViewModel.swift */; };
		0DC20BA6DAA4B12BD92BC7B1 /* CodexUsageProvider.swift in Sources */ = {isa = PBXBuildFile; fileRef = DE6153FAE83E41E3CB6D7906 /* CodexUsageProvider.swift */; };
		154EAE270DF45288FBDC3E48 /* UsageHistoryTabView.swift in Sources */ = {isa = PBXBuildFile; fileRef = BED135710865A8B7315E8E13 /* UsageHistoryTabView.swift */; };
		164ABDA4C19C35BBAF8D8D2D /* ZaiUsageProvider.swift in Sources */ = {isa = PBXBuildFile; fileRef = 02C1EA9FB777E8FB417FBF2F /* ZaiUsageProvider.swift */; };
		16963C83D91BAA228B350A7C /* DetailPopoverView.swift in Sources */ = {isa = PBXBuildFile; fileRef = 76C98DBC0AEE77B27EA3D54A /* DetailPopoverView.swift */; };
		190B68D15B2BA5B0B4B9E8A1 /* DynamicCodingKey.swift in Sources */ = {isa = PBXBuildFile; fileRef = 78E4AE976AEC0981AED5186D /* DynamicCodingKey.swift */; };
		19A32F993FE669E27F658B12 /* SettingsWindowController.swift in Sources */ = {isa = PBXBuildFile; fileRef = FCCC943FDF80266E8F2A5F64 /* SettingsWindowController.swift */; };
		1E76D5845AC04BDA938B8D7B /* UsageHistory.swift in Sources */ = {isa = PBXBuildFile; fileRef = 73A5B6A80F1B024A160E6F7F /* UsageHistory.swift */; };
		2023FE01BD86EF78CF18B1A4 /* OpenCodeGoUsageProvider.swift in Sources */ = {isa = PBXBuildFile; fileRef = 3E82C9FDF0D4D1B6E79A67A3 /* OpenCodeGoUsageProvider.swift */; };
		2647898AD5D730912767B120 /* PopoverControllerTests.swift in Sources */ = {isa = PBXBuildFile; fileRef = A993FA9B6D634CC62C5AEEDA /* PopoverControllerTests.swift */; };
		2CE47C94D79C1811FC55FBC7 /* CESPRegistryService.swift in Sources */ = {isa = PBXBuildFile; fileRef = FC7AEC81578ED1FF03C231A5 /* CESPRegistryService.swift */; };
		2DC522146728304F3839E9C6 /* CESPRegistryServiceTests.swift in Sources */ = {isa = PBXBuildFile; fileRef = F25F0B4399CDDB5DC57F7874 /* CESPRegistryServiceTests.swift */; };
		35B32C5044F29686750F36E8 /* AgentHookConfigurationChecker.swift in Sources */ = {isa = PBXBuildFile; fileRef = 6097B9B3E012839E15FF7E0A /* AgentHookConfigurationChecker.swift */; };
		3761D447CE922B92BC1E820C /* JSONLParserTests.swift in Sources */ = {isa = PBXBuildFile; fileRef = 4B96865FEB478446EB8EBD2A /* JSONLParserTests.swift */; };
		38CE09D9014E986F75D0B8AA /* DateUtilsTests.swift in Sources */ = {isa = PBXBuildFile; fileRef = 04C1E41FDB05FE948BD0482C /* DateUtilsTests.swift */; };
		39C1DDDCF77B0F2D0438C588 /* AgentNotifySettingsMigrationTests.swift in Sources */ = {isa = PBXBuildFile; fileRef = 81EE4A4776CC18CCAA8A5E38 /* AgentNotifySettingsMigrationTests.swift */; };
		3B71B41FB07369356167BA8F /* ClaudeUsageProvider.swift in Sources */ = {isa = PBXBuildFile; fileRef = 5B7EEA37A7EFFF2C3A0B4A1B /* ClaudeUsageProvider.swift */; };
		3D9CECF842FC11905AA64050 /* StatusBarUsageView.swift in Sources */ = {isa = PBXBuildFile; fileRef = CA52A8239DED228BA250607D /* StatusBarUsageView.swift */; };
		3DC8AC0C7189CC2E326C6EB3 /* CursorUsageProvider.swift in Sources */ = {isa = PBXBuildFile; fileRef = C8CE2D6F4A6ABDA2B44C2DEB /* CursorUsageProvider.swift */; };
		3EB7983C4CE520C1C2470EC1 /* NotifySoundManager.swift in Sources */ = {isa = PBXBuildFile; fileRef = 3CACABC16CB1546B3A6BE16C /* NotifySoundManager.swift */; };
		3EE38AF1E8FFB7BF1329041C /* ClaudeUsageProviderTests.swift in Sources */ = {isa = PBXBuildFile; fileRef = 4C6571F420208CAEE28D0D6C /* ClaudeUsageProviderTests.swift */; };
		522555AED1FB1419AA6E574B /* ClaudeHookNotifyEventDetectorTests.swift in Sources */ = {isa = PBXBuildFile; fileRef = F5E8FE4C68C3CE713FD06DB8 /* ClaudeHookNotifyEventDetectorTests.swift */; };
		52F84DDD177A2422B54BF7F0 /* CursorUsageProviderTests.swift in Sources */ = {isa = PBXBuildFile; fileRef = 1AC6B625FC95A01761E9033B /* CursorUsageProviderTests.swift */; };
		533357367AE4447BE2722CA3 /* AgentNotifyMonitor.swift in Sources */ = {isa = PBXBuildFile; fileRef = 7FBF196EA50B4AC289CA4175 /* AgentNotifyMonitor.swift */; };
		53B73069DACD3549EF96640D /* ClaudeHookNotifyEventDetector.swift in Sources */ = {isa = PBXBuildFile; fileRef = BF522722A2C522DD00B92DC4 /* ClaudeHookNotifyEventDetector.swift */; };
		5587C14E35D8C542CA8606B5 /* APIError.swift in Sources */ = {isa = PBXBuildFile; fileRef = 0644E2AEB0A4FAE6247944CC /* APIError.swift */; };
		55C805250B707EAC50F56AF1 /* SoundPackViewModelTests.swift in Sources */ = {isa = PBXBuildFile; fileRef = 0353E2F277B46CF17AB89720 /* SoundPackViewModelTests.swift */; };
		59ED40FB3FD9167894298625 /* SettingsViewBehaviorTests.swift in Sources */ = {isa = PBXBuildFile; fileRef = 7D821B3E5B0F34B5A9874195 /* SettingsViewBehaviorTests.swift */; };
		5E1867FA81EF3E65F2004173 /* UserDefaultsExtensions.swift in Sources */ = {isa = PBXBuildFile; fileRef = 90DC40343CBC437D0FBF6768 /* UserDefaultsExtensions.swift */; };
		64B5EE740E6DCE46F51DBB82 /* SubscriptionPlan.swift in Sources */ = {isa = PBXBuildFile; fileRef = B008B90F341B23AF377ED19C /* SubscriptionPlan.swift */; };
		689846430EF4632E4FE80031 /* ZaiUsageProviderTests.swift in Sources */ = {isa = PBXBuildFile; fileRef = 3018DAE2F5608489E6507B68 /* ZaiUsageProviderTests.swift */; };
		72EFC2C9B083C843C51DACCF /* CESPPackDownloadServiceTests.swift in Sources */ = {isa = PBXBuildFile; fileRef = 51A9C106D44822F4072ED37B /* CESPPackDownloadServiceTests.swift */; };
		74953B4BC38D06F286972F8A /* UsageHistoryViewModelTests.swift in Sources */ = {isa = PBXBuildFile; fileRef = 6B5358DCB78A72A34C806A41 /* UsageHistoryViewModelTests.swift */; };
		74ADD6D9AD6211A5EADD0FFD /* StatusBarController.swift in Sources */ = {isa = PBXBuildFile; fileRef = 013580EE51E83A75B14C85C6 /* StatusBarController.swift */; };
		769EE76128F2E6259C8C7991 /* KeychainManager.swift in Sources */ = {isa = PBXBuildFile; fileRef = 88CFC40962A3ABE5A9569B4E /* KeychainManager.swift */; };
		77EA755F11D57405FCAF3535 /* UsageProviderProtocol.swift in Sources */ = {isa = PBXBuildFile; fileRef = 6C5EA30148527620F8F736B8 /* UsageProviderProtocol.swift */; };
		7820704EDC195F0FD78C0B5F /* AgentNotifyNotificationService.swift in Sources */ = {isa = PBXBuildFile; fileRef = 7F48F25460C2DC5C7773C63D /* AgentNotifyNotificationService.swift */; };
		78B55F10346A71DE9B455590 /* NotifySoundManagerTests.swift in Sources */ = {isa = PBXBuildFile; fileRef = 48FC8B202CA33D689860FAE5 /* NotifySoundManagerTests.swift */; };
		78D9AF27A2BC8FCBECFBAAF4 /* OpenCodeGoUsageProviderTests.swift in Sources */ = {isa = PBXBuildFile; fileRef = E1A33B951073E84FCF118E42 /* OpenCodeGoUsageProviderTests.swift */; };
		7B39B69704BD64A2FDC0F6FD /* CESPRegistryPack.swift in Sources */ = {isa = PBXBuildFile; fileRef = C921084A7A27191E1528CF80 /* CESPRegistryPack.swift */; };
		82DF365B8968015DA3B498A3 /* UsageHistoryViewModel.swift in Sources */ = {isa = PBXBuildFile; fileRef = 6EC6668398AB9DCC002A69A6 /* UsageHistoryViewModel.swift */; };
		84C78252350FB71225C81B0C /* AgentNotifySettingsMigrator.swift in Sources */ = {isa = PBXBuildFile; fileRef = BE9AEDC7AABDFEDA82EEFAFE /* AgentNotifySettingsMigrator.swift */; };
		880A05A4E11F32E7274856AF /* libsqlite3.tbd in Frameworks */ = {isa = PBXBuildFile; fileRef = F17BA952C208A2A34C428D88 /* libsqlite3.tbd */; };
		8BE689C023415F0474D77FA1 /* JSONLParser.swift in Sources */ = {isa = PBXBuildFile; fileRef = B1127309F4FA3F73A4684352 /* JSONLParser.swift */; };
		8D605A7D5A16AE0686002B22 /* CodexNotifyEventDetector.swift in Sources */ = {isa = PBXBuildFile; fileRef = AE3ED42D28F4B85660CCC365 /* CodexNotifyEventDetector.swift */; };
		8D783D75FE09CB5A1ACADFC8 /* SettingsView.swift in Sources */ = {isa = PBXBuildFile; fileRef = 385332CCF14C0EA15933B029 /* SettingsView.swift */; };
		9DC2B404324BD567B132E936 /* AgentNotifyNotificationServiceBehaviorTests.swift in Sources */ = {isa = PBXBuildFile; fileRef = FDF378ACF185BFE62C0714CB /* AgentNotifyNotificationServiceBehaviorTests.swift */; };
		9F715218F083553B1EB11F19 /* ServiceType.swift in Sources */ = {isa = PBXBuildFile; fileRef = 0283BADCA6CA0E39D3048DED /* ServiceType.swift */; };
		9FA537772F4F3CC5B45A746E /* CopilotUsageProvider.swift in Sources */ = {isa = PBXBuildFile; fileRef = 9AEF729EA116BEFCD2ACFBBB /* CopilotUsageProvider.swift */; };
		AB6333F999691631FD87956E /* GeminiUsageProvider.swift in Sources */ = {isa = PBXBuildFile; fileRef = 6992AA8505D71EC3A51E135A /* GeminiUsageProvider.swift */; };
		AE14A083E789364044DDDBB4 /* SoundPackViewModel.swift in Sources */ = {isa = PBXBuildFile; fileRef = 8D063BCD6702BDBAC26821BE /* SoundPackViewModel.swift */; };
		B0B409FBDD0FA8087C54774D /* libsqlite3.tbd in Frameworks */ = {isa = PBXBuildFile; fileRef = F17BA952C208A2A34C428D88 /* libsqlite3.tbd */; };
		B6914F1BDBD0282CF2FBA0E3 /* AgentNotifyEvent.swift in Sources */ = {isa = PBXBuildFile; fileRef = 55A8959B82D8511470A7DBFC /* AgentNotifyEvent.swift */; };
		B76250CE8900A1026B63AB92 /* AgentBarApp.swift in Sources */ = {isa = PBXBuildFile; fileRef = 8259B8727B73CB3C81B552FC /* AgentBarApp.swift */; };
		B80C752B92E86365DAFCA9A7 /* Assets.xcassets in Resources */ = {isa = PBXBuildFile; fileRef = 9DEB166D42438C7DCE3A222A /* Assets.xcassets */; };
		B8E80F1E142B0D7458A44A4E /* CopilotUsageProviderTests.swift in Sources */ = {isa = PBXBuildFile; fileRef = A0A93A21D3C3B9F178B46F77 /* CopilotUsageProviderTests.swift */; };
		B8FF8D7D8105CBE92285C850 /* CESPPackDownloadService.swift in Sources */ = {isa = PBXBuildFile; fileRef = 50C4B04E2D4C1BA29F06BBE4 /* CESPPackDownloadService.swift */; };
		BB4C876DC60413BD889A0A80 /* UsageHistoryTabViewTests.swift in Sources */ = {isa = PBXBuildFile; fileRef = E54156BAF564213188AF9978 /* UsageHistoryTabViewTests.swift */; };
		BDC8AD8D2434ED37CF98B8D4 /* NotifySocketListener.swift in Sources */ = {isa = PBXBuildFile; fileRef = 5D5E3DC0E6D1633377C0B57D /* NotifySocketListener.swift */; };
		C420B1D1427698E09652D796 /* MockUsageProvider.swift in Sources */ = {isa = PBXBuildFile; fileRef = 6F1CF9AA7C9046F014FCC56C /* MockUsageProvider.swift */; };
		C47175517E15A6B53B952DB5 /* PopoverController.swift in Sources */ = {isa = PBXBuildFile; fileRef = 503AF2725E4D2D61654E9633 /* PopoverController.swift */; };
		D1B35677C48C7DB7027F547D /* AppDelegate.swift in Sources */ = {isa = PBXBuildFile; fileRef = E586F56F84C70C31B3A4C7A1 /* AppDelegate.swift */; };
		D2E3334B45F6DBA47596A1E9 /* SettingsWindowControllerTests.swift in Sources */ = {isa = PBXBuildFile; fileRef = BF5E7A3893D0A53F681B0E85 /* SettingsWindowControllerTests.swift */; };
		D8FCBD401CEBFB777A79CE17 /* NotifySocketListenerTests.swift in Sources */ = {isa = PBXBuildFile; fileRef = D9922C35974AACC9488B8F89 /* NotifySocketListenerTests.swift */; };
		DE28F85EAFAB9F6D9D5AF4F5 /* UsageViewModelTests.swift in Sources */ = {isa = PBXBuildFile; fileRef = 88838ECA081C1546A135EF48 /* UsageViewModelTests.swift */; };
		E0F0A0C56AAC3098981FB89C /* GeminiUsageProviderTests.swift in Sources */ = {isa = PBXBuildFile; fileRef = E99B80581710AF2E633CAF8E /* GeminiUsageProviderTests.swift */; };
		E2D6E436D984441A668CE21D /* APIClient.swift in Sources */ = {isa = PBXBuildFile; fileRef = BE24CE6D683CB2F9886366CE /* APIClient.swift */; };
		E5AE5B034887BAECCFCD7233 /* DateUtils.swift in Sources */ = {isa = PBXBuildFile; fileRef = 9D7FF1A22E962E8BDB20FE18 /* DateUtils.swift */; };
		EE6E9B110B3C17566B1FCB9F /* CESPRegistryPackTests.swift in Sources */ = {isa = PBXBuildFile; fileRef = A4ADF31265D7CBDAC1A8DBF7 /* CESPRegistryPackTests.swift */; };
		EE9506818B37AE7612F105AC /* LoginItemManager.swift in Sources */ = {isa = PBXBuildFile; fileRef = E582C14968381B7CE3436577 /* LoginItemManager.swift */; };
		F03216160F8D9DA627EB1B44 /* UsageHistoryStoreTests.swift in Sources */ = {isa = PBXBuildFile; fileRef = E0AE660B08EDDB5909919383 /* UsageHistoryStoreTests.swift */; };
		F170BA5EC5D011596BD52DCF /* DetailPopoverViewTests.swift in Sources */ = {isa = PBXBuildFile; fileRef = 46C159E0C80DB514BBF986E6 /* DetailPopoverViewTests.swift */; };
		F1AD3836030930D7C0009875 /* CodexUsageProviderTests.swift in Sources */ = {isa = PBXBuildFile; fileRef = AC18E21D095D18251F7E9DBB /* CodexUsageProviderTests.swift */; };
		F3808EFB7B4789739484D6A6 /* ServiceTypeColorTests.swift in Sources */ = {isa = PBXBuildFile; fileRef = A81DB9821BA76F5709CC1953 /* ServiceTypeColorTests.swift */; };
		FCE5028EE8EE278731C8DA7E /* CodexNotifyEventDetectorTests.swift in Sources */ = {isa = PBXBuildFile; fileRef = 20A6ABE351ED25CC0D1A595D /* CodexNotifyEventDetectorTests.swift */; };
/* End PBXBuildFile section */

/* Begin PBXContainerItemProxy section */
		E585C6788C81CB0E96E70E3C /* PBXContainerItemProxy */ = {
			isa = PBXContainerItemProxy;
			containerPortal = 7DEF5EC07622C6C227596D89 /* Project object */;
			proxyType = 1;
			remoteGlobalIDString = 861C036227DB4C8AD947478D;
			remoteInfo = AgentBar;
		};
/* End PBXContainerItemProxy section */

/* Begin PBXFileReference section */
		013580EE51E83A75B14C85C6 /* StatusBarController.swift */ = {isa = PBXFileReference; lastKnownFileType = sourcecode.swift; path = StatusBarController.swift; sourceTree = "<group>"; };
		0283BADCA6CA0E39D3048DED /* ServiceType.swift */ = {isa = PBXFileReference; lastKnownFileType = sourcecode.swift; path = ServiceType.swift; sourceTree = "<group>"; };
		02C1EA9FB777E8FB417FBF2F /* ZaiUsageProvider.swift */ = {isa = PBXFileReference; lastKnownFileType = sourcecode.swift; path = ZaiUsageProvider.swift; sourceTree = "<group>"; };
		0353E2F277B46CF17AB89720 /* SoundPackViewModelTests.swift */ = {isa = PBXFileReference; lastKnownFileType = sourcecode.swift; path = SoundPackViewModelTests.swift; sourceTree = "<group>"; };
		04C1E41FDB05FE948BD0482C /* DateUtilsTests.swift */ = {isa = PBXFileReference; lastKnownFileType = sourcecode.swift; path = DateUtilsTests.swift; sourceTree = "<group>"; };
		0644E2AEB0A4FAE6247944CC /* APIError.swift */ = {isa = PBXFileReference; lastKnownFileType = sourcecode.swift; path = APIError.swift; sourceTree = "<group>"; };
		1AC6B625FC95A01761E9033B /* CursorUsageProviderTests.swift */ = {isa = PBXFileReference; lastKnownFileType = sourcecode.swift; path = CursorUsageProviderTests.swift; sourceTree = "<group>"; };
		1C8199F37BC8BA7C8EEC2B83 /* UsageViewModel.swift */ = {isa = PBXFileReference; lastKnownFileType = sourcecode.swift; path = UsageViewModel.swift; sourceTree = "<group>"; };
		20A6ABE351ED25CC0D1A595D /* CodexNotifyEventDetectorTests.swift */ = {isa = PBXFileReference; lastKnownFileType = sourcecode.swift; path = CodexNotifyEventDetectorTests.swift; sourceTree = "<group>"; };
		3018DAE2F5608489E6507B68 /* ZaiUsageProviderTests.swift */ = {isa = PBXFileReference; lastKnownFileType = sourcecode.swift; path = ZaiUsageProviderTests.swift; sourceTree = "<group>"; };
		385332CCF14C0EA15933B029 /* SettingsView.swift */ = {isa = PBXFileReference; lastKnownFileType = sourcecode.swift; path = SettingsView.swift; sourceTree = "<group>"; };
		3CACABC16CB1546B3A6BE16C /* NotifySoundManager.swift */ = {isa = PBXFileReference; lastKnownFileType = sourcecode.swift; path = NotifySoundManager.swift; sourceTree = "<group>"; };
		3E13364F71D89961DEF607D2 /* AgentNotifyEventDetectorProtocol.swift */ = {isa = PBXFileReference; lastKnownFileType = sourcecode.swift; path = AgentNotifyEventDetectorProtocol.swift; sourceTree = "<group>"; };
		3E82C9FDF0D4D1B6E79A67A3 /* OpenCodeGoUsageProvider.swift */ = {isa = PBXFileReference; lastKnownFileType = sourcecode.swift; path = OpenCodeGoUsageProvider.swift; sourceTree = "<group>"; };
		46C159E0C80DB514BBF986E6 /* DetailPopoverViewTests.swift */ = {isa = PBXFileReference; lastKnownFileType = sourcecode.swift; path = DetailPopoverViewTests.swift; sourceTree = "<group>"; };
		48FC8B202CA33D689860FAE5 /* NotifySoundManagerTests.swift */ = {isa = PBXFileReference; lastKnownFileType = sourcecode.swift; path = NotifySoundManagerTests.swift; sourceTree = "<group>"; };
		4B96865FEB478446EB8EBD2A /* JSONLParserTests.swift */ = {isa = PBXFileReference; lastKnownFileType = sourcecode.swift; path = JSONLParserTests.swift; sourceTree = "<group>"; };
		4C6571F420208CAEE28D0D6C /* ClaudeUsageProviderTests.swift */ = {isa = PBXFileReference; lastKnownFileType = sourcecode.swift; path = ClaudeUsageProviderTests.swift; sourceTree = "<group>"; };
		503AF2725E4D2D61654E9633 /* PopoverController.swift */ = {isa = PBXFileReference; lastKnownFileType = sourcecode.swift; path = PopoverController.swift; sourceTree = "<group>"; };
		50C4B04E2D4C1BA29F06BBE4 /* CESPPackDownloadService.swift */ = {isa = PBXFileReference; lastKnownFileType = sourcecode.swift; path = CESPPackDownloadService.swift; sourceTree = "<group>"; };
		51A9C106D44822F4072ED37B /* CESPPackDownloadServiceTests.swift */ = {isa = PBXFileReference; lastKnownFileType = sourcecode.swift; path = CESPPackDownloadServiceTests.swift; sourceTree = "<group>"; };
		55A8959B82D8511470A7DBFC /* AgentNotifyEvent.swift */ = {isa = PBXFileReference; lastKnownFileType = sourcecode.swift; path = AgentNotifyEvent.swift; sourceTree = "<group>"; };
		5AF9840FACAD2645C86D775B /* UsageData.swift */ = {isa = PBXFileReference; lastKnownFileType = sourcecode.swift; path = UsageData.swift; sourceTree = "<group>"; };
		5B7EEA37A7EFFF2C3A0B4A1B /* ClaudeUsageProvider.swift */ = {isa = PBXFileReference; lastKnownFileType = sourcecode.swift; path = ClaudeUsageProvider.swift; sourceTree = "<group>"; };
		5D5E3DC0E6D1633377C0B57D /* NotifySocketListener.swift */ = {isa = PBXFileReference; lastKnownFileType = sourcecode.swift; path = NotifySocketListener.swift; sourceTree = "<group>"; };
		6097B9B3E012839E15FF7E0A /* AgentHookConfigurationChecker.swift */ = {isa = PBXFileReference; lastKnownFileType = sourcecode.swift; path = AgentHookConfigurationChecker.swift; sourceTree = "<group>"; };
		6992AA8505D71EC3A51E135A /* GeminiUsageProvider.swift */ = {isa = PBXFileReference; lastKnownFileType = sourcecode.swift; path = GeminiUsageProvider.swift; sourceTree = "<group>"; };
		6B5358DCB78A72A34C806A41 /* UsageHistoryViewModelTests.swift */ = {isa = PBXFileReference; lastKnownFileType = sourcecode.swift; path = UsageHistoryViewModelTests.swift; sourceTree = "<group>"; };
		6C5EA30148527620F8F736B8 /* UsageProviderProtocol.swift */ = {isa = PBXFileReference; lastKnownFileType = sourcecode.swift; path = UsageProviderProtocol.swift; sourceTree = "<group>"; };
		6C5F7A9F14F77AE444864261 /* Info.plist */ = {isa = PBXFileReference; lastKnownFileType = text.plist; path = Info.plist; sourceTree = "<group>"; };
		6DD17B4966C3A7852A5425AF /* AgentBarTests.xctest */ = {isa = PBXFileReference; explicitFileType = wrapper.cfbundle; includeInIndex = 0; path = AgentBarTests.xctest; sourceTree = BUILT_PRODUCTS_DIR; };
		6EC6668398AB9DCC002A69A6 /* UsageHistoryViewModel.swift */ = {isa = PBXFileReference; lastKnownFileType = sourcecode.swift; path = UsageHistoryViewModel.swift; sourceTree = "<group>"; };
		6F1CF9AA7C9046F014FCC56C /* MockUsageProvider.swift */ = {isa = PBXFileReference; lastKnownFileType = sourcecode.swift; path = MockUsageProvider.swift; sourceTree = "<group>"; };
		73A5B6A80F1B024A160E6F7F /* UsageHistory.swift */ = {isa = PBXFileReference; lastKnownFileType = sourcecode.swift; path = UsageHistory.swift; sourceTree = "<group>"; };
		758D0717F59EC6FDE2447BA9 /* AgentBar.entitlements */ = {isa = PBXFileReference; lastKnownFileType = text.plist.entitlements; path = AgentBar.entitlements; sourceTree = "<group>"; };
		76C98DBC0AEE77B27EA3D54A /* DetailPopoverView.swift */ = {isa = PBXFileReference; lastKnownFileType = sourcecode.swift; path = DetailPopoverView.swift; sourceTree = "<group>"; };
		78E4AE976AEC0981AED5186D /* DynamicCodingKey.swift */ = {isa = PBXFileReference; lastKnownFileType = sourcecode.swift; path = DynamicCodingKey.swift; sourceTree = "<group>"; };
		7D821B3E5B0F34B5A9874195 /* SettingsViewBehaviorTests.swift */ = {isa = PBXFileReference; lastKnownFileType = sourcecode.swift; path = SettingsViewBehaviorTests.swift; sourceTree = "<group>"; };
		7F48F25460C2DC5C7773C63D /* AgentNotifyNotificationService.swift */ = {isa = PBXFileReference; lastKnownFileType = sourcecode.swift; path = AgentNotifyNotificationService.swift; sourceTree = "<group>"; };
		7FBF196EA50B4AC289CA4175 /* AgentNotifyMonitor.swift */ = {isa = PBXFileReference; lastKnownFileType = sourcecode.swift; path = AgentNotifyMonitor.swift; sourceTree = "<group>"; };
		81EE4A4776CC18CCAA8A5E38 /* AgentNotifySettingsMigrationTests.swift */ = {isa = PBXFileReference; lastKnownFileType = sourcecode.swift; path = AgentNotifySettingsMigrationTests.swift; sourceTree = "<group>"; };
		8259B8727B73CB3C81B552FC /* AgentBarApp.swift */ = {isa = PBXFileReference; lastKnownFileType = sourcecode.swift; path = AgentBarApp.swift; sourceTree = "<group>"; };
		88838ECA081C1546A135EF48 /* UsageViewModelTests.swift */ = {isa = PBXFileReference; lastKnownFileType = sourcecode.swift; path = UsageViewModelTests.swift; sourceTree = "<group>"; };
		88CFC40962A3ABE5A9569B4E /* KeychainManager.swift */ = {isa = PBXFileReference; lastKnownFileType = sourcecode.swift; path = KeychainManager.swift; sourceTree = "<group>"; };
		8C697943A1B786CCC3DD560F /* AgentBar.app */ = {isa = PBXFileReference; explicitFileType = wrapper.application; includeInIndex = 0; path = AgentBar.app; sourceTree = BUILT_PRODUCTS_DIR; };
		8D063BCD6702BDBAC26821BE /* SoundPackViewModel.swift */ = {isa = PBXFileReference; lastKnownFileType = sourcecode.swift; path = SoundPackViewModel.swift; sourceTree = "<group>"; };
		90DC40343CBC437D0FBF6768 /* UserDefaultsExtensions.swift */ = {isa = PBXFileReference; lastKnownFileType = sourcecode.swift; path = UserDefaultsExtensions.swift; sourceTree = "<group>"; };
		9AEF729EA116BEFCD2ACFBBB /* CopilotUsageProvider.swift */ = {isa = PBXFileReference; lastKnownFileType = sourcecode.swift; path = CopilotUsageProvider.swift; sourceTree = "<group>"; };
		9D7FF1A22E962E8BDB20FE18 /* DateUtils.swift */ = {isa = PBXFileReference; lastKnownFileType = sourcecode.swift; path = DateUtils.swift; sourceTree = "<group>"; };
		9DEB166D42438C7DCE3A222A /* Assets.xcassets */ = {isa = PBXFileReference; lastKnownFileType = folder.assetcatalog; path = Assets.xcassets; sourceTree = "<group>"; };
		A0A93A21D3C3B9F178B46F77 /* CopilotUsageProviderTests.swift */ = {isa = PBXFileReference; lastKnownFileType = sourcecode.swift; path = CopilotUsageProviderTests.swift; sourceTree = "<group>"; };
		A4ADF31265D7CBDAC1A8DBF7 /* CESPRegistryPackTests.swift */ = {isa = PBXFileReference; lastKnownFileType = sourcecode.swift; path = CESPRegistryPackTests.swift; sourceTree = "<group>"; };
		A81DB9821BA76F5709CC1953 /* ServiceTypeColorTests.swift */ = {isa = PBXFileReference; lastKnownFileType = sourcecode.swift; path = ServiceTypeColorTests.swift; sourceTree = "<group>"; };
		A993FA9B6D634CC62C5AEEDA /* PopoverControllerTests.swift */ = {isa = PBXFileReference; lastKnownFileType = sourcecode.swift; path = PopoverControllerTests.swift; sourceTree = "<group>"; };
		AC18E21D095D18251F7E9DBB /* CodexUsageProviderTests.swift */ = {isa = PBXFileReference; lastKnownFileType = sourcecode.swift; path = CodexUsageProviderTests.swift; sourceTree = "<group>"; };
		AE3ED42D28F4B85660CCC365 /* CodexNotifyEventDetector.swift */ = {isa = PBXFileReference; lastKnownFileType = sourcecode.swift; path = CodexNotifyEventDetector.swift; sourceTree = "<group>"; };
		B008B90F341B23AF377ED19C /* SubscriptionPlan.swift */ = {isa = PBXFileReference; lastKnownFileType = sourcecode.swift; path = SubscriptionPlan.swift; sourceTree = "<group>"; };
		B1127309F4FA3F73A4684352 /* JSONLParser.swift */ = {isa = PBXFileReference; lastKnownFileType = sourcecode.swift; path = JSONLParser.swift; sourceTree = "<group>"; };
		BE24CE6D683CB2F9886366CE /* APIClient.swift */ = {isa = PBXFileReference; lastKnownFileType = sourcecode.swift; path = APIClient.swift; sourceTree = "<group>"; };
		BE9AEDC7AABDFEDA82EEFAFE /* AgentNotifySettingsMigrator.swift */ = {isa = PBXFileReference; lastKnownFileType = sourcecode.swift; path = AgentNotifySettingsMigrator.swift; sourceTree = "<group>"; };
		BED135710865A8B7315E8E13 /* UsageHistoryTabView.swift */ = {isa = PBXFileReference; lastKnownFileType = sourcecode.swift; path = UsageHistoryTabView.swift; sourceTree = "<group>"; };
		BF522722A2C522DD00B92DC4 /* ClaudeHookNotifyEventDetector.swift */ = {isa = PBXFileReference; lastKnownFileType = sourcecode.swift; path = ClaudeHookNotifyEventDetector.swift; sourceTree = "<group>"; };
		BF5E7A3893D0A53F681B0E85 /* SettingsWindowControllerTests.swift */ = {isa = PBXFileReference; lastKnownFileType = sourcecode.swift; path = SettingsWindowControllerTests.swift; sourceTree = "<group>"; };
		C8CE2D6F4A6ABDA2B44C2DEB /* CursorUsageProvider.swift */ = {isa = PBXFileReference; lastKnownFileType = sourcecode.swift; path = CursorUsageProvider.swift; sourceTree = "<group>"; };
		C921084A7A27191E1528CF80 /* CESPRegistryPack.swift */ = {isa = PBXFileReference; lastKnownFileType = sourcecode.swift; path = CESPRegistryPack.swift; sourceTree = "<group>"; };
		CA52A8239DED228BA250607D /* StatusBarUsageView.swift */ = {isa = PBXFileReference; lastKnownFileType = sourcecode.swift; path = StatusBarUsageView.swift; sourceTree = "<group>"; };
		D9922C35974AACC9488B8F89 /* NotifySocketListenerTests.swift */ = {isa = PBXFileReference; lastKnownFileType = sourcecode.swift; path = NotifySocketListenerTests.swift; sourceTree = "<group>"; };
		DE6153FAE83E41E3CB6D7906 /* CodexUsageProvider.swift */ = {isa = PBXFileReference; lastKnownFileType = sourcecode.swift; path = CodexUsageProvider.swift; sourceTree = "<group>"; };
		E025A024FFD74FA72A657106 /* UsageHistoryStore.swift */ = {isa = PBXFileReference; lastKnownFileType = sourcecode.swift; path = UsageHistoryStore.swift; sourceTree = "<group>"; };
		E0AE660B08EDDB5909919383 /* UsageHistoryStoreTests.swift */ = {isa = PBXFileReference; lastKnownFileType = sourcecode.swift; path = UsageHistoryStoreTests.swift; sourceTree = "<group>"; };
		E1A33B951073E84FCF118E42 /* OpenCodeGoUsageProviderTests.swift */ = {isa = PBXFileReference; lastKnownFileType = sourcecode.swift; path = OpenCodeGoUsageProviderTests.swift; sourceTree = "<group>"; };
		E54156BAF564213188AF9978 /* UsageHistoryTabViewTests.swift */ = {isa = PBXFileReference; lastKnownFileType = sourcecode.swift; path = UsageHistoryTabViewTests.swift; sourceTree = "<group>"; };
		E582C14968381B7CE3436577 /* LoginItemManager.swift */ = {isa = PBXFileReference; lastKnownFileType = sourcecode.swift; path = LoginItemManager.swift; sourceTree = "<group>"; };
		E586F56F84C70C31B3A4C7A1 /* AppDelegate.swift */ = {isa = PBXFileReference; lastKnownFileType = sourcecode.swift; path = AppDelegate.swift; sourceTree = "<group>"; };
		E99B80581710AF2E633CAF8E /* GeminiUsageProviderTests.swift */ = {isa = PBXFileReference; lastKnownFileType = sourcecode.swift; path = GeminiUsageProviderTests.swift; sourceTree = "<group>"; };
		F17BA952C208A2A34C428D88 /* libsqlite3.tbd */ = {isa = PBXFileReference; lastKnownFileType = "sourcecode.text-based-dylib-definition"; name = libsqlite3.tbd; path = usr/lib/libsqlite3.tbd; sourceTree = SDKROOT; };
		F25F0B4399CDDB5DC57F7874 /* CESPRegistryServiceTests.swift */ = {isa = PBXFileReference; lastKnownFileType = sourcecode.swift; path = CESPRegistryServiceTests.swift; sourceTree = "<group>"; };
		F5E8FE4C68C3CE713FD06DB8 /* ClaudeHookNotifyEventDetectorTests.swift */ = {isa = PBXFileReference; lastKnownFileType = sourcecode.swift; path = ClaudeHookNotifyEventDetectorTests.swift; sourceTree = "<group>"; };
		FC7AEC81578ED1FF03C231A5 /* CESPRegistryService.swift */ = {isa = PBXFileReference; lastKnownFileType = sourcecode.swift; path = CESPRegistryService.swift; sourceTree = "<group>"; };
		FCCC943FDF80266E8F2A5F64 /* SettingsWindowController.swift */ = {isa = PBXFileReference; lastKnownFileType = sourcecode.swift; path = SettingsWindowController.swift; sourceTree = "<group>"; };
		FDF378ACF185BFE62C0714CB /* AgentNotifyNotificationServiceBehaviorTests.swift */ = {isa = PBXFileReference; lastKnownFileType = sourcecode.swift; path = AgentNotifyNotificationServiceBehaviorTests.swift; sourceTree = "<group>"; };
/* End PBXFileReference section */

/* Begin PBXFrameworksBuildPhase section */
		22F1349A71D87D5C10985F6D /* Frameworks */ = {
			isa = PBXFrameworksBuildPhase;
			buildActionMask = 2147483647;
			files = (
				B0B409FBDD0FA8087C54774D /* libsqlite3.tbd in Frameworks */,
			);
			runOnlyForDeploymentPostprocessing = 0;
		};
		738BBDBE43F3D1937A5C45F2 /* Frameworks */ = {
			isa = PBXFrameworksBuildPhase;
			buildActionMask = 2147483647;
			files = (
				880A05A4E11F32E7274856AF /* libsqlite3.tbd in Frameworks */,
			);
			runOnlyForDeploymentPostprocessing = 0;
		};
/* End PBXFrameworksBuildPhase section */

/* Begin PBXGroup section */
		098665581461DC9939C3A230 /* AgentBar */ = {
			isa = PBXGroup;
			children = (
				758D0717F59EC6FDE2447BA9 /* AgentBar.entitlements */,
				8259B8727B73CB3C81B552FC /* AgentBarApp.swift */,
				E586F56F84C70C31B3A4C7A1 /* AppDelegate.swift */,
				9DEB166D42438C7DCE3A222A /* Assets.xcassets */,
				6C5F7A9F14F77AE444864261 /* Info.plist */,
				BE6D4902BB6AEB4E12E15984 /* Infrastructure */,
				0C0C87F18A9AD5921B7923EC /* Models */,
				752C8330741C71A8803C236D /* Networking */,
				289D3839D03747DF314BB2B9 /* Services */,
				7F0423E82F6DBED8AD9B5004 /* Utilities */,
				3D5C4ECFD6A77B6915AD9252 /* ViewModels */,
				92CD96FAC6887B2BE86DEDEC /* Views */,
			);
			path = AgentBar;
			sourceTree = "<group>";
		};
		0C0C87F18A9AD5921B7923EC /* Models */ = {
			isa = PBXGroup;
			children = (
				55A8959B82D8511470A7DBFC /* AgentNotifyEvent.swift */,
				C921084A7A27191E1528CF80 /* CESPRegistryPack.swift */,
				0283BADCA6CA0E39D3048DED /* ServiceType.swift */,
				B008B90F341B23AF377ED19C /* SubscriptionPlan.swift */,
				5AF9840FACAD2645C86D775B /* UsageData.swift */,
				73A5B6A80F1B024A160E6F7F /* UsageHistory.swift */,
			);
			path = Models;
			sourceTree = "<group>";
		};
		20E28136D80843CE26F4EC41 /* Settings */ = {
			isa = PBXGroup;
			children = (
				385332CCF14C0EA15933B029 /* SettingsView.swift */,
				FCCC943FDF80266E8F2A5F64 /* SettingsWindowController.swift */,
				BED135710865A8B7315E8E13 /* UsageHistoryTabView.swift */,
			);
			path = Settings;
			sourceTree = "<group>";
		};
		289D3839D03747DF314BB2B9 /* Services */ = {
			isa = PBXGroup;
			children = (
				3E13364F71D89961DEF607D2 /* AgentNotifyEventDetectorProtocol.swift */,
				50C4B04E2D4C1BA29F06BBE4 /* CESPPackDownloadService.swift */,
				FC7AEC81578ED1FF03C231A5 /* CESPRegistryService.swift */,
				BF522722A2C522DD00B92DC4 /* ClaudeHookNotifyEventDetector.swift */,
				5B7EEA37A7EFFF2C3A0B4A1B /* ClaudeUsageProvider.swift */,
				AE3ED42D28F4B85660CCC365 /* CodexNotifyEventDetector.swift */,
				DE6153FAE83E41E3CB6D7906 /* CodexUsageProvider.swift */,
				9AEF729EA116BEFCD2ACFBBB /* CopilotUsageProvider.swift */,
				C8CE2D6F4A6ABDA2B44C2DEB /* CursorUsageProvider.swift */,
				6992AA8505D71EC3A51E135A /* GeminiUsageProvider.swift */,
				3E82C9FDF0D4D1B6E79A67A3 /* OpenCodeGoUsageProvider.swift */,
				6C5EA30148527620F8F736B8 /* UsageProviderProtocol.swift */,
				02C1EA9FB777E8FB417FBF2F /* ZaiUsageProvider.swift */,
			);
			path = Services;
			sourceTree = "<group>";
		};
		36602331E62AB3C1B70C61A7 /* Mocks */ = {
			isa = PBXGroup;
			children = (
				6F1CF9AA7C9046F014FCC56C /* MockUsageProvider.swift */,
			);
			path = Mocks;
			sourceTree = "<group>";
		};
		3D5C4ECFD6A77B6915AD9252 /* ViewModels */ = {
			isa = PBXGroup;
			children = (
				8D063BCD6702BDBAC26821BE /* SoundPackViewModel.swift */,
				6EC6668398AB9DCC002A69A6 /* UsageHistoryViewModel.swift */,
				1C8199F37BC8BA7C8EEC2B83 /* UsageViewModel.swift */,
			);
			path = ViewModels;
			sourceTree = "<group>";
		};
		587F3A815EB2DE1FC6C1E1BE /* Products */ = {
			isa = PBXGroup;
			children = (
				8C697943A1B786CCC3DD560F /* AgentBar.app */,
				6DD17B4966C3A7852A5425AF /* AgentBarTests.xctest */,
			);
			name = Products;
			sourceTree = "<group>";
		};
		752C8330741C71A8803C236D /* Networking */ = {
			isa = PBXGroup;
			children = (
				BE24CE6D683CB2F9886366CE /* APIClient.swift */,
				0644E2AEB0A4FAE6247944CC /* APIError.swift */,
			);
			path = Networking;
			sourceTree = "<group>";
		};
		77296AA80E93B3FFE6366563 /* Frameworks */ = {
			isa = PBXGroup;
			children = (
				F17BA952C208A2A34C428D88 /* libsqlite3.tbd */,
			);
			name = Frameworks;
			sourceTree = "<group>";
		};
		7F0423E82F6DBED8AD9B5004 /* Utilities */ = {
			isa = PBXGroup;
			children = (
				9D7FF1A22E962E8BDB20FE18 /* DateUtils.swift */,
				78E4AE976AEC0981AED5186D /* DynamicCodingKey.swift */,
				B1127309F4FA3F73A4684352 /* JSONLParser.swift */,
				90DC40343CBC437D0FBF6768 /* UserDefaultsExtensions.swift */,
			);
			path = Utilities;
			sourceTree = "<group>";
		};
		8E3C4CA17CF701D6CB518F75 /* Popover */ = {
			isa = PBXGroup;
			children = (
				76C98DBC0AEE77B27EA3D54A /* DetailPopoverView.swift */,
				503AF2725E4D2D61654E9633 /* PopoverController.swift */,
			);
			path = Popover;
			sourceTree = "<group>";
		};
		92CD96FAC6887B2BE86DEDEC /* Views */ = {
			isa = PBXGroup;
			children = (
				8E3C4CA17CF701D6CB518F75 /* Popover */,
				20E28136D80843CE26F4EC41 /* Settings */,
				A800B62E841703E2EC760474 /* StatusBar */,
			);
			path = Views;
			sourceTree = "<group>";
		};
		A800B62E841703E2EC760474 /* StatusBar */ = {
			isa = PBXGroup;
			children = (
				013580EE51E83A75B14C85C6 /* StatusBarController.swift */,
				CA52A8239DED228BA250607D /* StatusBarUsageView.swift */,
			);
			path = StatusBar;
			sourceTree = "<group>";
		};
		AE6E523C41A821CAAE099A38 = {
			isa = PBXGroup;
			children = (
				098665581461DC9939C3A230 /* AgentBar */,
				F46F14D7729B5E5B8B2C3422 /* AgentBarTests */,
				77296AA80E93B3FFE6366563 /* Frameworks */,
				587F3A815EB2DE1FC6C1E1BE /* Products */,
			);
			sourceTree = "<group>";
		};
		BE6D4902BB6AEB4E12E15984 /* Infrastructure */ = {
			isa = PBXGroup;
			children = (
				6097B9B3E012839E15FF7E0A /* AgentHookConfigurationChecker.swift */,
				7FBF196EA50B4AC289CA4175 /* AgentNotifyMonitor.swift */,
				7F48F25460C2DC5C7773C63D /* AgentNotifyNotificationService.swift */,
				BE9AEDC7AABDFEDA82EEFAFE /* AgentNotifySettingsMigrator.swift */,
				88CFC40962A3ABE5A9569B4E /* KeychainManager.swift */,
				E582C14968381B7CE3436577 /* LoginItemManager.swift */,
				5D5E3DC0E6D1633377C0B57D /* NotifySocketListener.swift */,
				3CACABC16CB1546B3A6BE16C /* NotifySoundManager.swift */,
				E025A024FFD74FA72A657106 /* UsageHistoryStore.swift */,
			);
			path = Infrastructure;
			sourceTree = "<group>";
		};
		F46F14D7729B5E5B8B2C3422 /* AgentBarTests */ = {
			isa = PBXGroup;
			children = (
				FDF378ACF185BFE62C0714CB /* AgentNotifyNotificationServiceBehaviorTests.swift */,
				81EE4A4776CC18CCAA8A5E38 /* AgentNotifySettingsMigrationTests.swift */,
				51A9C106D44822F4072ED37B /* CESPPackDownloadServiceTests.swift */,
				A4ADF31265D7CBDAC1A8DBF7 /* CESPRegistryPackTests.swift */,
				F25F0B4399CDDB5DC57F7874 /* CESPRegistryServiceTests.swift */,
				F5E8FE4C68C3CE713FD06DB8 /* ClaudeHookNotifyEventDetectorTests.swift */,
				4C6571F420208CAEE28D0D6C /* ClaudeUsageProviderTests.swift */,
				20A6ABE351ED25CC0D1A595D /* CodexNotifyEventDetectorTests.swift */,
				AC18E21D095D18251F7E9DBB /* CodexUsageProviderTests.swift */,
				A0A93A21D3C3B9F178B46F77 /* CopilotUsageProviderTests.swift */,
				1AC6B625FC95A01761E9033B /* CursorUsageProviderTests.swift */,
				04C1E41FDB05FE948BD0482C /* DateUtilsTests.swift */,
				46C159E0C80DB514BBF986E6 /* DetailPopoverViewTests.swift */,
				E99B80581710AF2E633CAF8E /* GeminiUsageProviderTests.swift */,
				4B96865FEB478446EB8EBD2A /* JSONLParserTests.swift */,
				D9922C35974AACC9488B8F89 /* NotifySocketListenerTests.swift */,
				48FC8B202CA33D689860FAE5 /* NotifySoundManagerTests.swift */,
				E1A33B951073E84FCF118E42 /* OpenCodeGoUsageProviderTests.swift */,
				A993FA9B6D634CC62C5AEEDA /* PopoverControllerTests.swift */,
				A81DB9821BA76F5709CC1953 /* ServiceTypeColorTests.swift */,
				7D821B3E5B0F34B5A9874195 /* SettingsViewBehaviorTests.swift */,
				BF5E7A3893D0A53F681B0E85 /* SettingsWindowControllerTests.swift */,
				0353E2F277B46CF17AB89720 /* SoundPackViewModelTests.swift */,
				E0AE660B08EDDB5909919383 /* UsageHistoryStoreTests.swift */,
				E54156BAF564213188AF9978 /* UsageHistoryTabViewTests.swift */,
				6B5358DCB78A72A34C806A41 /* UsageHistoryViewModelTests.swift */,
				88838ECA081C1546A135EF48 /* UsageViewModelTests.swift */,
				3018DAE2F5608489E6507B68 /* ZaiUsageProviderTests.swift */,
				36602331E62AB3C1B70C61A7 /* Mocks */,
			);
			path = AgentBarTests;
			sourceTree = "<group>";
		};
/* End PBXGroup section */

/* Begin PBXNativeTarget section */
		31EAA8BB726B7C71AF4E7048 /* AgentBarTests */ = {
			isa = PBXNativeTarget;
			buildConfigurationList = 628C80D795F9C94486158C12 /* Build configuration list for PBXNativeTarget "AgentBarTests" */;
			buildPhases = (
				183B9300456E53AE419C918F /* Sources */,
				22F1349A71D87D5C10985F6D /* Frameworks */,
			);
			buildRules = (
			);
			dependencies = (
				E41920F390C28B39B331F8E3 /* PBXTargetDependency */,
			);
			name = AgentBarTests;
			packageProductDependencies = (
			);
			productName = AgentBarTests;
			productReference = 6DD17B4966C3A7852A5425AF /* AgentBarTests.xctest */;
			productType = "com.apple.product-type.bundle.unit-test";
		};
		861C036227DB4C8AD947478D /* AgentBar */ = {
			isa = PBXNativeTarget;
			buildConfigurationList = 9692FF39CC89F4D364F9F216 /* Build configuration list for PBXNativeTarget "AgentBar" */;
			buildPhases = (
				450ECC00D4FA325F92A901F3 /* Sources */,
				C31588BAE861A398141AA981 /* Resources */,
				738BBDBE43F3D1937A5C45F2 /* Frameworks */,
				1FEB277D9B6FE5F35758D251 /* Embed Git Version Info */,
			);
			buildRules = (
			);
			dependencies = (
			);
			name = AgentBar;
			packageProductDependencies = (
			);
			productName = AgentBar;
			productReference = 8C697943A1B786CCC3DD560F /* AgentBar.app */;
			productType = "com.apple.product-type.application";
		};
/* End PBXNativeTarget section */

/* Begin PBXProject section */
		7DEF5EC07622C6C227596D89 /* Project object */ = {
			isa = PBXProject;
			attributes = {
				BuildIndependentTargetsInParallel = YES;
				LastUpgradeCheck = 2620;
				TargetAttributes = {
					31EAA8BB726B7C71AF4E7048 = {
						ProvisioningStyle = Automatic;
					};
				};
			};
			buildConfigurationList = 18EBD4918261E6CD97072B71 /* Build configuration list for PBXProject "AgentBar" */;
			developmentRegion = en;
			hasScannedForEncodings = 0;
			knownRegions = (
				Base,
				en,
			);
			mainGroup = AE6E523C41A821CAAE099A38;
			minimizedProjectReferenceProxies = 1;
			preferredProjectObjectVersion = 77;
			productRefGroup = 587F3A815EB2DE1FC6C1E1BE /* Products */;
			projectDirPath = "";
			projectRoot = "";
			targets = (
				861C036227DB4C8AD947478D /* AgentBar */,
				31EAA8BB726B7C71AF4E7048 /* AgentBarTests */,
			);
		};
/* End PBXProject section */

/* Begin PBXResourcesBuildPhase section */
		C31588BAE861A398141AA981 /* Resources */ = {
			isa = PBXResourcesBuildPhase;
			buildActionMask = 2147483647;
			files = (
				B80C752B92E86365DAFCA9A7 /* Assets.xcassets in Resources */,
			);
			runOnlyForDeploymentPostprocessing = 0;
		};
/* End PBXResourcesBuildPhase section */

/* Begin PBXShellScriptBuildPhase section */
		1FEB277D9B6FE5F35758D251 /* Embed Git Version Info */ = {
			isa = PBXShellScriptBuildPhase;
			alwaysOutOfDate = 1;
			buildActionMask = 2147483647;
			files = (
			);
			inputFileListPaths = (
			);
			inputPaths = (
			);
			name = "Embed Git Version Info";
			outputFileListPaths = (
			);
			outputPaths = (
			);
			runOnlyForDeploymentPostprocessing = 0;
			shellPath = /bin/sh;
			shellScript = "set -euo pipefail\n\nINFO_PLIST=\"${TARGET_BUILD_DIR}/${INFOPLIST_PATH}\"\nPLIST_BUDDY=\"/usr/libexec/PlistBuddy\"\n\nGIT_HASH=\"$(/usr/bin/git -C \"${SRCROOT}\" rev-parse --short HEAD 2>/dev/null || true)\"\nGIT_TAG=\"$(/usr/bin/git -C \"${SRCROOT}\" describe --tags --exact-match 2>/dev/null || true)\"\n\nif [[ -n \"${GIT_HASH}\" ]]; then\n  \"${PLIST_BUDDY}\" -c \"Set :GitCommitHash ${GIT_HASH}\" \"${INFO_PLIST}\" 2>/dev/null \\\n    || \"${PLIST_BUDDY}\" -c \"Add :GitCommitHash string ${GIT_HASH}\" \"${INFO_PLIST}\"\nelse\n  \"${PLIST_BUDDY}\" -c \"Delete :GitCommitHash\" \"${INFO_PLIST}\" 2>/dev/null || true\nfi\n\nif [[ -n \"${GIT_TAG}\" ]]; then\n  \"${PLIST_BUDDY}\" -c \"Set :GitVersionTag ${GIT_TAG}\" \"${INFO_PLIST}\" 2>/dev/null \\\n    || \"${PLIST_BUDDY}\" -c \"Add :GitVersionTag string ${GIT_TAG}\" \"${INFO_PLIST}\"\nelse\n  \"${PLIST_BUDDY}\" -c \"Delete :GitVersionTag\" \"${INFO_PLIST}\" 2>/dev/null || true\nfi\n";
		};
/* End PBXShellScriptBuildPhase section */

/* Begin PBXSourcesBuildPhase section */
		183B9300456E53AE419C918F /* Sources */ = {
			isa = PBXSourcesBuildPhase;
			buildActionMask = 2147483647;
			files = (
				9DC2B404324BD567B132E936 /* AgentNotifyNotificationServiceBehaviorTests.swift in Sources */,
				39C1DDDCF77B0F2D0438C588 /* AgentNotifySettingsMigrationTests.swift in Sources */,
				72EFC2C9B083C843C51DACCF /* CESPPackDownloadServiceTests.swift in Sources */,
				EE6E9B110B3C17566B1FCB9F /* CESPRegistryPackTests.swift in Sources */,
				2DC522146728304F3839E9C6 /* CESPRegistryServiceTests.swift in Sources */,
				522555AED1FB1419AA6E574B /* ClaudeHookNotifyEventDetectorTests.swift in Sources */,
				3EE38AF1E8FFB7BF1329041C /* ClaudeUsageProviderTests.swift in Sources */,
				FCE5028EE8EE278731C8DA7E /* CodexNotifyEventDetectorTests.swift in Sources */,
				F1AD3836030930D7C0009875 /* CodexUsageProviderTests.swift in Sources */,
				B8E80F1E142B0D7458A44A4E /* CopilotUsageProviderTests.swift in Sources */,
				52F84DDD177A2422B54BF7F0 /* CursorUsageProviderTests.swift in Sources */,
				38CE09D9014E986F75D0B8AA /* DateUtilsTests.swift in Sources */,
				F170BA5EC5D011596BD52DCF /* DetailPopoverViewTests.swift in Sources */,
				E0F0A0C56AAC3098981FB89C /* GeminiUsageProviderTests.swift in Sources */,
				3761D447CE922B92BC1E820C /* JSONLParserTests.swift in Sources */,
				C420B1D1427698E09652D796 /* MockUsageProvider.swift in Sources */,
				D8FCBD401CEBFB777A79CE17 /* NotifySocketListenerTests.swift in Sources */,
				78B55F10346A71DE9B455590 /* NotifySoundManagerTests.swift in Sources */,
				78D9AF27A2BC8FCBECFBAAF4 /* OpenCodeGoUsageProviderTests.swift in Sources */,
				2647898AD5D730912767B120 /* PopoverControllerTests.swift in Sources */,
				F3808EFB7B4789739484D6A6 /* ServiceTypeColorTests.swift in Sources */,
				59ED40FB3FD9167894298625 /* SettingsViewBehaviorTests.swift in Sources */,
				D2E3334B45F6DBA47596A1E9 /* SettingsWindowControllerTests.swift in Sources */,
				55C805250B707EAC50F56AF1 /* SoundPackViewModelTests.swift in Sources */,
				F03216160F8D9DA627EB1B44 /* UsageHistoryStoreTests.swift in Sources */,
				BB4C876DC60413BD889A0A80 /* UsageHistoryTabViewTests.swift in Sources */,
				74953B4BC38D06F286972F8A /* UsageHistoryViewModelTests.swift in Sources */,
				DE28F85EAFAB9F6D9D5AF4F5 /* UsageViewModelTests.swift in Sources */,
				689846430EF4632E4FE80031 /* ZaiUsageProviderTests.swift in Sources */,
			);
			runOnlyForDeploymentPostprocessing = 0;
		};
		450ECC00D4FA325F92A901F3 /* Sources */ = {
			isa = PBXSourcesBuildPhase;
			buildActionMask = 2147483647;
			files = (
				E2D6E436D984441A668CE21D /* APIClient.swift in Sources */,
				5587C14E35D8C542CA8606B5 /* APIError.swift in Sources */,
				B76250CE8900A1026B63AB92 /* AgentBarApp.swift in Sources */,
				35B32C5044F29686750F36E8 /* AgentHookConfigurationChecker.swift in Sources */,
				B6914F1BDBD0282CF2FBA0E3 /* AgentNotifyEvent.swift in Sources */,
				02C36CF564D6D60CD07E560A /* AgentNotifyEventDetectorProtocol.swift in Sources */,
				533357367AE4447BE2722CA3 /* AgentNotifyMonitor.swift in Sources */,
				7820704EDC195F0FD78C0B5F /* AgentNotifyNotificationService.swift in Sources */,
				84C78252350FB71225C81B0C /* AgentNotifySettingsMigrator.swift in Sources */,
				D1B35677C48C7DB7027F547D /* AppDelegate.swift in Sources */,
				B8FF8D7D8105CBE92285C850 /* CESPPackDownloadService.swift in Sources */,
				7B39B69704BD64A2FDC0F6FD /* CESPRegistryPack.swift in Sources */,
				2CE47C94D79C1811FC55FBC7 /* CESPRegistryService.swift in Sources */,
				53B73069DACD3549EF96640D /* ClaudeHookNotifyEventDetector.swift in Sources */,
				3B71B41FB07369356167BA8F /* ClaudeUsageProvider.swift in Sources */,
				8D605A7D5A16AE0686002B22 /* CodexNotifyEventDetector.swift in Sources */,
				0DC20BA6DAA4B12BD92BC7B1 /* CodexUsageProvider.swift in Sources */,
				9FA537772F4F3CC5B45A746E /* CopilotUsageProvider.swift in Sources */,
				3DC8AC0C7189CC2E326C6EB3 /* CursorUsageProvider.swift in Sources */,
				E5AE5B034887BAECCFCD7233 /* DateUtils.swift in Sources */,
				16963C83D91BAA228B350A7C /* DetailPopoverView.swift in Sources */,
				190B68D15B2BA5B0B4B9E8A1 /* DynamicCodingKey.swift in Sources */,
				AB6333F999691631FD87956E /* GeminiUsageProvider.swift in Sources */,
				8BE689C023415F0474D77FA1 /* JSONLParser.swift in Sources */,
				769EE76128F2E6259C8C7991 /* KeychainManager.swift in Sources */,
				EE9506818B37AE7612F105AC /* LoginItemManager.swift in Sources */,
				BDC8AD8D2434ED37CF98B8D4 /* NotifySocketListener.swift in Sources */,
				3EB7983C4CE520C1C2470EC1 /* NotifySoundManager.swift in Sources */,
				2023FE01BD86EF78CF18B1A4 /* OpenCodeGoUsageProvider.swift in Sources */,
				C47175517E15A6B53B952DB5 /* PopoverController.swift in Sources */,
				9F715218F083553B1EB11F19 /* ServiceType.swift in Sources */,
				8D783D75FE09CB5A1ACADFC8 /* SettingsView.swift in Sources */,
				19A32F993FE669E27F658B12 /* SettingsWindowController.swift in Sources */,
				AE14A083E789364044DDDBB4 /* SoundPackViewModel.swift in Sources */,
				74ADD6D9AD6211A5EADD0FFD /* StatusBarController.swift in Sources */,
				3D9CECF842FC11905AA64050 /* StatusBarUsageView.swift in Sources */,
				64B5EE740E6DCE46F51DBB82 /* SubscriptionPlan.swift in Sources */,
				03B3BFA1C7272BED1CD1F154 /* UsageData.swift in Sources */,
				1E76D5845AC04BDA938B8D7B /* UsageHistory.swift in Sources */,
				0BBA9131427CDF57CC2208C7 /* UsageHistoryStore.swift in Sources */,
				154EAE270DF45288FBDC3E48 /* UsageHistoryTabView.swift in Sources */,
				82DF365B8968015DA3B498A3 /* UsageHistoryViewModel.swift in Sources */,
				77EA755F11D57405FCAF3535 /* UsageProviderProtocol.swift in Sources */,
				0D58C98A7418BD86C832E0FF /* UsageViewModel.swift in Sources */,
				5E1867FA81EF3E65F2004173 /* UserDefaultsExtensions.swift in Sources */,
				164ABDA4C19C35BBAF8D8D2D /* ZaiUsageProvider.swift in Sources */,
			);
			runOnlyForDeploymentPostprocessing = 0;
		};
/* End PBXSourcesBuildPhase section */

/* Begin PBXTargetDependency section */
		E41920F390C28B39B331F8E3 /* PBXTargetDependency */ = {
			isa = PBXTargetDependency;
			target = 861C036227DB4C8AD947478D /* AgentBar */;
			targetProxy = E585C6788C81CB0E96E70E3C /* PBXContainerItemProxy */;
		};
/* End PBXTargetDependency section */

/* Begin XCBuildConfiguration section */
		141F0D639D7EB8AE9AB35FBA /* Release */ = {
			isa = XCBuildConfiguration;
			buildSettings = {
				BUNDLE_LOADER = "$(TEST_HOST)";
				CODE_SIGN_STYLE = Automatic;
				COMBINE_HIDPI_IMAGES = YES;
				GENERATE_INFOPLIST_FILE = YES;
				LD_RUNPATH_SEARCH_PATHS = (
					"$(inherited)",
					"@executable_path/../Frameworks",
					"@loader_path/../Frameworks",
				);
				PRODUCT_BUNDLE_IDENTIFIER = com.agentbar.app.tests;
				SDKROOT = macosx;
				TEST_HOST = "$(BUILT_PRODUCTS_DIR)/AgentBar.app/Contents/MacOS/AgentBar";
			};
			name = Release;
		};
		16A9F4FBA5E23C4AFD5956F4 /* Release */ = {
			isa = XCBuildConfiguration;
			buildSettings = {
				ALWAYS_SEARCH_USER_PATHS = NO;
				CLANG_ANALYZER_NONNULL = YES;
				CLANG_ANALYZER_NUMBER_OBJECT_CONVERSION = YES_AGGRESSIVE;
				CLANG_CXX_LANGUAGE_STANDARD = "gnu++14";
				CLANG_CXX_LIBRARY = "libc++";
				CLANG_ENABLE_MODULES = YES;
				CLANG_ENABLE_OBJC_ARC = YES;
				CLANG_ENABLE_OBJC_WEAK = YES;
				CLANG_WARN_BLOCK_CAPTURE_AUTORELEASING = YES;
				CLANG_WARN_BOOL_CONVERSION = YES;
				CLANG_WARN_COMMA = YES;
				CLANG_WARN_CONSTANT_CONVERSION = YES;
				CLANG_WARN_DEPRECATED_OBJC_IMPLEMENTATIONS = YES;
				CLANG_WARN_DIRECT_OBJC_ISA_USAGE = YES_ERROR;
				CLANG_WARN_DOCUMENTATION_COMMENTS = YES;
				CLANG_WARN_EMPTY_BODY = YES;
				CLANG_WARN_ENUM_CONVERSION = YES;
				CLANG_WARN_INFINITE_RECURSION = YES;
				CLANG_WARN_INT_CONVERSION = YES;
				CLANG_WARN_NON_LITERAL_NULL_CONVERSION = YES;
				CLANG_WARN_OBJC_IMPLICIT_RETAIN_SELF = YES;
				CLANG_WARN_OBJC_LITERAL_CONVERSION = YES;
				CLANG_WARN_OBJC_ROOT_CLASS = YES_ERROR;
				CLANG_WARN_QUOTED_INCLUDE_IN_FRAMEWORK_HEADER = YES;
				CLANG_WARN_RANGE_LOOP_ANALYSIS = YES;
				CLANG_WARN_STRICT_PROTOTYPES = YES;
				CLANG_WARN_SUSPICIOUS_MOVE = YES;
				CLANG_WARN_UNGUARDED_AVAILABILITY = YES_AGGRESSIVE;
				CLANG_WARN_UNREACHABLE_CODE = YES;
				CLANG_WARN__DUPLICATE_METHOD_MATCH = YES;
				COPY_PHASE_STRIP = NO;
				DEBUG_INFORMATION_FORMAT = "dwarf-with-dsym";
				ENABLE_NS_ASSERTIONS = NO;
				ENABLE_STRICT_OBJC_MSGSEND = YES;
				GCC_C_LANGUAGE_STANDARD = gnu11;
				GCC_NO_COMMON_BLOCKS = YES;
				GCC_WARN_64_TO_32_BIT_CONVERSION = YES;
				GCC_WARN_ABOUT_RETURN_TYPE = YES_ERROR;
				GCC_WARN_UNDECLARED_SELECTOR = YES;
				GCC_WARN_UNINITIALIZED_AUTOS = YES_AGGRESSIVE;
				GCC_WARN_UNUSED_FUNCTION = YES;
				GCC_WARN_UNUSED_VARIABLE = YES;
				MACOSX_DEPLOYMENT_TARGET = 13.0;
				MTL_ENABLE_DEBUG_INFO = NO;
				MTL_FAST_MATH = YES;
				PRODUCT_NAME = "$(TARGET_NAME)";
				SDKROOT = macosx;
				SWIFT_COMPILATION_MODE = wholemodule;
				SWIFT_OPTIMIZATION_LEVEL = "-O";
				SWIFT_VERSION = 6.0;
			};
			name = Release;
		};
		2A1497FDF44086920993F488 /* Debug */ = {
			isa = XCBuildConfiguration;
			buildSettings = {
				ASSETCATALOG_COMPILER_APPICON_NAME = AppIcon;
				CODE_SIGN_ENTITLEMENTS = AgentBar/AgentBar.entitlements;
				CODE_SIGN_STYLE = Automatic;
				COMBINE_HIDPI_IMAGES = YES;
				ENABLE_HARDENED_RUNTIME = YES;
				INFOPLIST_FILE = AgentBar/Info.plist;
				LD_RUNPATH_SEARCH_PATHS = (
					"$(inherited)",
					"@executable_path/../Frameworks",
				);
				PRODUCT_BUNDLE_IDENTIFIER = com.agentbar.app;
				SDKROOT = macosx;
				SWIFT_ACTIVE_COMPILATION_CONDITIONS = "DEBUG AGENTBAR_NOTIFICATION_SOUNDS";
				SWIFT_STRICT_CONCURRENCY = complete;
			};
			name = Debug;
		};
		568BFA896316D5AB04FFF0B3 /* Debug */ = {
			isa = XCBuildConfiguration;
			buildSettings = {
				BUNDLE_LOADER = "$(TEST_HOST)";
				CODE_SIGN_STYLE = Automatic;
				COMBINE_HIDPI_IMAGES = YES;
				GENERATE_INFOPLIST_FILE = YES;
				LD_RUNPATH_SEARCH_PATHS = (
					"$(inherited)",
					"@executable_path/../Frameworks",
					"@loader_path/../Frameworks",
				);
				PRODUCT_BUNDLE_IDENTIFIER = com.agentbar.app.tests;
				SDKROOT = macosx;
				SWIFT_ACTIVE_COMPILATION_CONDITIONS = "DEBUG AGENTBAR_NOTIFICATION_SOUNDS";
				TEST_HOST = "$(BUILT_PRODUCTS_DIR)/AgentBar.app/Contents/MacOS/AgentBar";
			};
			name = Debug;
		};
		76D5726975908D80B73656F8 /* Release */ = {
			isa = XCBuildConfiguration;
			buildSettings = {
				ASSETCATALOG_COMPILER_APPICON_NAME = AppIcon;
				CODE_SIGN_ENTITLEMENTS = AgentBar/AgentBar.entitlements;
				CODE_SIGN_IDENTITY = "Developer ID Application";
				CODE_SIGN_STYLE = Manual;
				COMBINE_HIDPI_IMAGES = YES;
				ENABLE_HARDENED_RUNTIME = YES;
				INFOPLIST_FILE = AgentBar/Info.plist;
				LD_RUNPATH_SEARCH_PATHS = (
					"$(inherited)",
					"@executable_path/../Frameworks",
				);
				PRODUCT_BUNDLE_IDENTIFIER = com.agentbar.app;
				SDKROOT = macosx;
				SWIFT_STRICT_CONCURRENCY = complete;
			};
			name = Release;
		};
		8E00CC52364B574DAA8A82CB /* Debug */ = {
			isa = XCBuildConfiguration;
			buildSettings = {
				ALWAYS_SEARCH_USER_PATHS = NO;
				CLANG_ANALYZER_NONNULL = YES;
				CLANG_ANALYZER_NUMBER_OBJECT_CONVERSION = YES_AGGRESSIVE;
				CLANG_CXX_LANGUAGE_STANDARD = "gnu++14";
				CLANG_CXX_LIBRARY = "libc++";
				CLANG_ENABLE_MODULES = YES;
				CLANG_ENABLE_OBJC_ARC = YES;
				CLANG_ENABLE_OBJC_WEAK = YES;
				CLANG_WARN_BLOCK_CAPTURE_AUTORELEASING = YES;
				CLANG_WARN_BOOL_CONVERSION = YES;
				CLANG_WARN_COMMA = YES;
				CLANG_WARN_CONSTANT_CONVERSION = YES;
				CLANG_WARN_DEPRECATED_OBJC_IMPLEMENTATIONS = YES;
				CLANG_WARN_DIRECT_OBJC_ISA_USAGE = YES_ERROR;
				CLANG_WARN_DOCUMENTATION_COMMENTS = YES;
				CLANG_WARN_EMPTY_BODY = YES;
				CLANG_WARN_ENUM_CONVERSION = YES;
				CLANG_WARN_INFINITE_RECURSION = YES;
				CLANG_WARN_INT_CONVERSION = YES;
				CLANG_WARN_NON_LITERAL_NULL_CONVERSION = YES;
				CLANG_WARN_OBJC_IMPLICIT_RETAIN_SELF = YES;
				CLANG_WARN_OBJC_LITERAL_CONVERSION = YES;
				CLANG_WARN_OBJC_ROOT_CLASS = YES_ERROR;
				CLANG_WARN_QUOTED_INCLUDE_IN_FRAMEWORK_HEADER = YES;
				CLANG_WARN_RANGE_LOOP_ANALYSIS = YES;
				CLANG_WARN_STRICT_PROTOTYPES = YES;
				CLANG_WARN_SUSPICIOUS_MOVE = YES;
				CLANG_WARN_UNGUARDED_AVAILABILITY = YES_AGGRESSIVE;
				CLANG_WARN_UNREACHABLE_CODE = YES;
				CLANG_WARN__DUPLICATE_METHOD_MATCH = YES;
				COPY_PHASE_STRIP = NO;
				DEBUG_INFORMATION_FORMAT = dwarf;
				ENABLE_STRICT_OBJC_MSGSEND = YES;
				ENABLE_TESTABILITY = YES;
				GCC_C_LANGUAGE_STANDARD = gnu11;
				GCC_DYNAMIC_NO_PIC = NO;
				GCC_NO_COMMON_BLOCKS = YES;
				GCC_OPTIMIZATION_LEVEL = 0;
				GCC_PREPROCESSOR_DEFINITIONS = (
					"$(inherited)",
					"DEBUG=1",
				);
				GCC_WARN_64_TO_32_BIT_CONVERSION = YES;
				GCC_WARN_ABOUT_RETURN_TYPE = YES_ERROR;
				GCC_WARN_UNDECLARED_SELECTOR = YES;
				GCC_WARN_UNINITIALIZED_AUTOS = YES_AGGRESSIVE;
				GCC_WARN_UNUSED_FUNCTION = YES;
				GCC_WARN_UNUSED_VARIABLE = YES;
				MACOSX_DEPLOYMENT_TARGET = 13.0;
				MTL_ENABLE_DEBUG_INFO = INCLUDE_SOURCE;
				MTL_FAST_MATH = YES;
				ONLY_ACTIVE_ARCH = YES;
				PRODUCT_NAME = "$(TARGET_NAME)";
				SDKROOT = macosx;
				SWIFT_ACTIVE_COMPILATION_CONDITIONS = DEBUG;
				SWIFT_OPTIMIZATION_LEVEL = "-Onone";
				SWIFT_VERSION = 6.0;
			};
			name = Debug;
		};
/* End XCBuildConfiguration section */

/* Begin XCConfigurationList section */
		18EBD4918261E6CD97072B71 /* Build configuration list for PBXProject "AgentBar" */ = {
			isa = XCConfigurationList;
			buildConfigurations = (
				8E00CC52364B574DAA8A82CB /* Debug */,
				16A9F4FBA5E23C4AFD5956F4 /* Release */,
			);
			defaultConfigurationIsVisible = 0;
			defaultConfigurationName = Debug;
		};
		628C80D795F9C94486158C12 /* Build configuration list for PBXNativeTarget "AgentBarTests" */ = {
			isa = XCConfigurationList;
			buildConfigurations = (
				568BFA896316D5AB04FFF0B3 /* Debug */,
				141F0D639D7EB8AE9AB35FBA /* Release */,
			);
			defaultConfigurationIsVisible = 0;
			defaultConfigurationName = Debug;
		};
		9692FF39CC89F4D364F9F216 /* Build configuration list for PBXNativeTarget "AgentBar" */ = {
			isa = XCConfigurationList;
			buildConfigurations = (
				2A1497FDF44086920993F488 /* Debug */,
				76D5726975908D80B73656F8 /* Release */,
			);
			defaultConfigurationIsVisible = 0;
			defaultConfigurationName = Debug;
		};
/* End XCConfigurationList section */
	};
	rootObject = 7DEF5EC07622C6C227596D89 /* Project object */;
}
